
Microsoft Visual Studio Solution File, Format Version 12.00
# Visual Studio Version 17
VisualStudioVersion = 17.13.35818.85 d17.13
MinimumVisualStudioVersion = 10.0.40219.1
Project("{FAE04EC0-301F-11D3-BF4B-00C04F79EFBC}") = "LMStudioAgent", "LMStudioAgent.csproj", "{DBE502D8-65C4-452C-96FA-8448BBFF405E}"
EndProject
Global
	GlobalSection(SolutionConfigurationPlatforms) = preSolution
		Debug|Any CPU = Debug|Any CPU
		Release|Any CPU = Release|Any CPU
	EndGlobalSection
	GlobalSection(ProjectConfigurationPlatforms) = postSolution
		{DBE502D8-65C4-452C-96FA-8448BBFF405E}.Debug|Any CPU.ActiveCfg = Debug|Any CPU
		{DBE502D8-65C4-452C-96FA-8448BBFF405E}.Debug|Any CPU.Build.0 = Debug|Any CPU
		{DBE502D8-65C4-452C-96FA-8448BBFF405E}.Release|Any CPU.ActiveCfg = Release|Any CPU
		{DBE502D8-65C4-452C-96FA-8448BBFF405E}.Release|Any CPU.Build.0 = Release|Any CPU
	EndGlobalSection
	GlobalSection(SolutionProperties) = preSolution
		HideSolutionNode = FALSE
	EndGlobalSection
	GlobalSection(ExtensibilityGlobals) = postSolution
		SolutionGuid = {D38C4B2F-A956-4E99-ACAD-A54D7C12FB69}
	EndGlobalSection
EndGlobal
